Microsoft Visual Studio Solution File, Format Version 12.00
# Visual Studio Version 17
VisualStudioVersion = 17.5.2.0
MinimumVisualStudioVersion = 10.0.40219.1
Project("{FAE04EC0-301F-11D3-BF4B-00C04F79EFBC}") = "poc", "dotnet-app\poc.csproj", "{E3265860-4FB4-C48F-64D3-3F8232CCB525}"
EndProject
Global
	GlobalSection(SolutionConfigurationPlatforms) = preSolution
		Debug|Any CPU = Debug|Any CPU
		Release|Any CPU = Release|Any CPU
	EndGlobalSection
	GlobalSection(ProjectConfigurationPlatforms) = postSolution
		{E3265860-4FB4-C48F-64D3-3F8232CCB525}.Debug|Any CPU.ActiveCfg = Debug|Any CPU
		{E3265860-4FB4-C48F-64D3-3F8232CCB525}.Debug|Any CPU.Build.0 = Debug|Any CPU
		{E3265860-4FB4-C48F-64D3-3F8232CCB525}.Release|Any CPU.ActiveCfg = Release|Any CPU
		{E3265860-4FB4-C48F-64D3-3F8232CCB525}.Release|Any CPU.Build.0 = Release|Any CPU
	EndGlobalSection
	GlobalSection(SolutionProperties) = preSolution
		HideSolutionNode = FALSE
	EndGlobalSection
	GlobalSection(ExtensibilityGlobals) = postSolution
		SolutionGuid = {B4272169-8B8E-4063-96BD-D2F5528BA204}
	EndGlobalSection
EndGlobal
